
Microsoft Visual Studio Solution File, Format Version 12.00
# Visual Studio Version 16
VisualStudioVersion = 16.0.29609.76
MinimumVisualStudioVersion = 10.0.40219.1
Project("{FAE04EC0-301F-11D3-BF4B-00C04F79EFBC}") = "TestCapstone", "TestCapstone.csproj", "{09921332-B008-40EC-BCD6-C2973194BD31}"
EndProject
Global
	GlobalSection(SolutionConfigurationPlatforms) = preSolution
		Debug|Any CPU = Debug|Any CPU
		Release|Any CPU = Release|Any CPU
	EndGlobalSection
	GlobalSection(ProjectConfigurationPlatforms) = postSolution
		{09921332-B008-40EC-BCD6-C2973194BD31}.Debug|Any CPU.ActiveCfg = Debug|Any CPU
		{09921332-B008-40EC-BCD6-C2973194BD31}.Debug|Any CPU.Build.0 = Debug|Any CPU
		{09921332-B008-40EC-BCD6-C2973194BD31}.Release|Any CPU.ActiveCfg = Release|Any CPU
		{09921332-B008-40EC-BCD6-C2973194BD31}.Release|Any CPU.Build.0 = Release|Any CPU
	EndGlobalSection
	GlobalSection(SolutionProperties) = preSolution
		HideSolutionNode = FALSE
	EndGlobalSection
	GlobalSection(ExtensibilityGlobals) = postSolution
		SolutionGuid = {E921ACBD-DB63-4F8A-8099-401293883554}
	EndGlobalSection
EndGlobal
